
Microsoft Visual Studio Solution File, Format Version 12.00
# Visual Studio Version 17
VisualStudioVersion = 17.11.35222.181
MinimumVisualStudioVersion = 10.0.40219.1
Project("{FAE04EC0-301F-11D3-BF4B-00C04F79EFBC}") = "APBD", "APBD\APBD.csproj", "{15B2A12D-F618-4D56-96BA-FBAC69056D0E}"
EndProject
Global
	GlobalSection(SolutionConfigurationPlatforms) = preSolution
		Debug|Any CPU = Debug|Any CPU
		Release|Any CPU = Release|Any CPU
	EndGlobalSection
	GlobalSection(ProjectConfigurationPlatforms) = postSolution
		{15B2A12D-F618-4D56-96BA-FBAC69056D0E}.Debug|Any CPU.ActiveCfg = Debug|Any CPU
		{15B2A12D-F618-4D56-96BA-FBAC69056D0E}.Debug|Any CPU.Build.0 = Debug|Any CPU
		{15B2A12D-F618-4D56-96BA-FBAC69056D0E}.Release|Any CPU.ActiveCfg = Release|Any CPU
		{15B2A12D-F618-4D56-96BA-FBAC69056D0E}.Release|Any CPU.Build.0 = Release|Any CPU
	EndGlobalSection
	GlobalSection(SolutionProperties) = preSolution
		HideSolutionNode = FALSE
	EndGlobalSection
	GlobalSection(ExtensibilityGlobals) = postSolution
		SolutionGuid = {1CE1CA7F-81C7-4611-8FEF-2389547DAB53}
	EndGlobalSection
EndGlobal
